{
  "name": "compose_documentation",
  "version": "1.1.32-0",
  "lockfileVersion": 1,
  "requires": true,
  "dependencies": {
    "@uirouter/core": {
      "version": "6.0.7",
      "resolved": "https://registry.npmjs.org/@uirouter/core/-/core-6.0.7.tgz",
      "integrity": "sha512-KUTJxL+6q0PiBnFx4/Z+Hsyg0pSGiaW5yZQeJmUxknecjpTbnXkLU8H2EqRn9N2B+qDRa7Jg8RcgeNDPY72O1w=="
    },
    "angular": {
      "version": "1.8.2",
      "resolved": "https://registry.npmjs.org/angular/-/angular-1.8.2.tgz",
      "integrity": "sha512-IauMOej2xEe7/7Ennahkbb5qd/HFADiNuLSESz9Q27inmi32zB0lnAsFeLEWcox3Gd1F6YhNd1CP7/9IukJ0Gw=="
    },
    "angular-animate": {
      "version": "1.8.2",
      "resolved": "https://registry.npmjs.org/angular-animate/-/angular-animate-1.8.2.tgz",
      "integrity": "sha512-Jbr9+grNMs9Kj57xuBU3Ju3NOPAjS1+g2UAwwDv7su1lt0/PLDy+9zEwDiu8C8xJceoTbmBNKiWGPJGBdCQLlA=="
    },
    "angular-bootstrap": {
      "version": "0.12.2",
      "resolved": "https://registry.npmjs.org/angular-bootstrap/-/angular-bootstrap-0.12.2.tgz",
      "integrity": "sha1-3pkAp9sIen6dpHMEqcL3f5wGmCc="
    },
    "angular-breadcrumb": {
      "version": "0.5.0",
      "resolved": "https://registry.npmjs.org/angular-breadcrumb/-/angular-breadcrumb-0.5.0.tgz",
      "integrity": "sha1-BYq+aYTxuC/2rDeIjvmvzLyPY7I="
    },
    "angular-cookies": {
      "version": "1.8.2",
      "resolved": "https://registry.npmjs.org/angular-cookies/-/angular-cookies-1.8.2.tgz",
      "integrity": "sha512-M6fCnsnw1pj1+nXuO28ilJ+h6pFCIXQKSEgy9/PIoN0sZr5FqsE9BK18PdBQa8dif+fnHCAYpPU8MgDzT/sZSg=="
    },
    "angular-dragdrop": {
      "version": "1.0.13",
      "resolved": "https://registry.npmjs.org/angular-dragdrop/-/angular-dragdrop-1.0.13.tgz",
      "integrity": "sha1-4OJAxzzZPKF6182PbnAUgDGdAdw="
    },
    "angular-resource": {
      "version": "1.8.2",
      "resolved": "https://registry.npmjs.org/angular-resource/-/angular-resource-1.8.2.tgz",
      "integrity": "sha512-CbTu8ypkVZMBLm+Wd+jI9xR7QEVCeUgN8WXsr9Yi9l0s/8ZQa5kEIuYX3F/75Ej8Xs1Jp9DoKjAyvACI6Q8IJA=="
    },
    "angular-route": {
      "version": "1.8.2",
      "resolved": "https://registry.npmjs.org/angular-route/-/angular-route-1.8.2.tgz",
      "integrity": "sha512-49LJYxuaQ/ZDiu9dD2xo1LkazqObkGjw0a7dUF7UKCT8EELgBsMd6QrI6aEVGtI62ppkiFkxqmiV8fcwYdXpug=="
    },
    "angular-sanitize": {
      "version": "1.8.2",
      "resolved": "https://registry.npmjs.org/angular-sanitize/-/angular-sanitize-1.8.2.tgz",
      "integrity": "sha512-OB6Goa+QN3byf5asQ7XRl7DKZejm/F/ZOqa9z1skqYVOWA2hoBxoCmt9E7+i7T/TbxZP5zYzKxNZVVJNu860Hg=="
    },
    "angular-touch": {
      "version": "1.8.2",
      "resolved": "https://registry.npmjs.org/angular-touch/-/angular-touch-1.8.2.tgz",
      "integrity": "sha512-tGoFNsONm/VHFcBW8gySVZvpCIYAvsAlEuHpJDugGn+3ENLxSDhpZ4ikev4KXfWr8ZNsYGoVSfsvJegkiC+9Ig=="
    },
    "angular-ui-bootstrap": {
      "version": "2.5.6",
      "resolved": "https://registry.npmjs.org/angular-ui-bootstrap/-/angular-ui-bootstrap-2.5.6.tgz",
      "integrity": "sha512-yzcHpPMLQl0232nDzm5P4iAFTFQ9dMw0QgFLuKYbDj9M0xJ62z0oudYD/Lvh1pWfRsukiytP4Xj6BHOSrSXP8A=="
    },
    "angular-ui-codemirror": {
      "version": "0.3.0",
      "resolved": "https://registry.npmjs.org/angular-ui-codemirror/-/angular-ui-codemirror-0.3.0.tgz",
      "integrity": "sha1-5ChvxQ85PypuaXwb8xcEJOEsu2A="
    },
    "angular-ui-router": {
      "version": "1.0.29",
      "resolved": "https://registry.npmjs.org/angular-ui-router/-/angular-ui-router-1.0.29.tgz",
      "integrity": "sha512-VurVxwueqEFD0JJBHkATOvLinhebc8/052jyhYrFVbHtWEc//IX4Wr55WvmJoTZJ6lnQ3nBlpX9VBKS5wiRsOg==",
      "requires": {
        "@uirouter/core": "6.0.7"
      }
    },
    "angular-ui-slider": {
      "version": "0.4.0",
      "resolved": "https://registry.npmjs.org/angular-ui-slider/-/angular-ui-slider-0.4.0.tgz",
      "integrity": "sha1-12wKVGSNDRjVnIfmyDOPrnQTXHU="
    },
    "angular-ui-tree": {
      "version": "2.22.6",
      "resolved": "https://registry.npmjs.org/angular-ui-tree/-/angular-ui-tree-2.22.6.tgz",
      "integrity": "sha512-VzuXM6NdYeQD0Y1RF5oTYc3o8yoW9mtxhnJs5Fvwu40V1Alzq7ybJj+kvApXZ69M0mvRd8LLM+3Q4pI26md+fA=="
    },
    "bootstrap-sass": {
      "version": "3.4.1",
      "resolved": "https://registry.npmjs.org/bootstrap-sass/-/bootstrap-sass-3.4.1.tgz",
      "integrity": "sha512-p5rxsK/IyEDQm2CwiHxxUi0MZZtvVFbhWmyMOt4lLkA4bujDA1TGoKT0i1FKIWiugAdP+kK8T5KMDFIKQCLYIA=="
    },
    "codemirror": {
      "version": "5.61.1",
      "resolved": "https://registry.npmjs.org/codemirror/-/codemirror-5.61.1.tgz",
      "integrity": "sha512-+D1NZjAucuzE93vJGbAaXzvoBHwp9nJZWWWF9utjv25+5AZUiah6CIlfb4ikG4MoDsFsCG8niiJH5++OO2LgIQ=="
    },
    "es5-shim": {
      "version": "4.5.15",
      "resolved": "https://registry.npmjs.org/es5-shim/-/es5-shim-4.5.15.tgz",
      "integrity": "sha512-FYpuxEjMeDvU4rulKqFdukQyZSTpzhg4ScQHrAosrlVpR6GFyaw14f74yn2+4BugniIS0Frpg7TvwZocU4ZMTw=="
    },
    "html5-boilerplate": {
      "version": "8.0.0",
      "resolved": "https://registry.npmjs.org/html5-boilerplate/-/html5-boilerplate-8.0.0.tgz",
      "integrity": "sha512-Z4P0XB9R9idkVcmPjiiNPlQwiuy7j87oN58vemqIhk2YpGGmN3gc8WSxQRlGg/n1Mep7saQ5c2ROfAdfWf+ZJQ=="
    },
    "jquery": {
      "version": "3.6.0",
      "resolved": "https://registry.npmjs.org/jquery/-/jquery-3.6.0.tgz",
      "integrity": "sha512-JVzAR/AjBvVt2BmYhxRCSYysDsPcssdmTFnzyLEts9qNwmjmu4JTAMYubEfwVOSwpQ1I1sKKFcxhZCI2buerfw=="
    },
    "jquery-ui": {
      "version": "1.12.1",
      "resolved": "https://registry.npmjs.org/jquery-ui/-/jquery-ui-1.12.1.tgz",
      "integrity": "sha1-vLQEXI3QU5wTS8FIjN0+dop6nlE="
    },
    "ng-infinite-scroll": {
      "version": "1.3.0",
      "resolved": "https://registry.npmjs.org/ng-infinite-scroll/-/ng-infinite-scroll-1.3.0.tgz",
      "integrity": "sha1-wumNj9E0sFJaTSz1jJXZtYN1URI="
    },
    "pivottable": {
      "version": "2.23.0",
      "resolved": "https://registry.npmjs.org/pivottable/-/pivottable-2.23.0.tgz",
      "integrity": "sha512-6WRaiiI0mU5JxzNMWbtf3vfrBvBhBPIUbwu2Q7Nv7fVCxIvlmFqXSldMwmHAsiEFwdZdUrpQHqIu+N3jZUezyg==",
      "requires": {
        "jquery": ">=1.9.0"
      }
    },
    "underscore": {
      "version": "1.13.1",
      "resolved": "https://registry.npmjs.org/underscore/-/underscore-1.13.1.tgz",
      "integrity": "sha512-hzSoAVtJF+3ZtiFX0VgfFPHEDRm7Y/QPjGyNo4TVdnDTdft3tr8hEkD25a1jC+TjTuE7tkHGKkhwCgs9dgBB2g=="
    }
  }
}
